github.com/coreos/go-oidc v0.0.0-20160330172125-f427f54ef96b h1:8wBHwBSZQMAy7nBEPD0vL/YsaWgk8Ql2mRS9WMfhveE=
github.com/coreos/go-oidc v0.0.0-20160330172125-f427f54ef96b/go.mod h1:CgnwVTmzoESiwO9qyAFEMiHoZ1nMCKZlZ9V6mm3/LKc=
github.com/coreos/go-systemd v0.0.0-20160202211425-7b2428fec400 h1:hCPDBaGzL6ZFsJtA1LWF9zBccjuenjI9hY/RHTw7BQ8=
github.com/coreos/go-systemd v0.0.0-20160202211425-7b2428fec400/go.mod h1:F5haX7vjVVG0kc13fIWeqUViNPyEJxv/OmvnBo0Yme4=
github.com/coreos/goproxy v0.0.0-20170222233530-25fe2597a3d1 h1:VkFoecg+HyrJ4wtRGu+yUpb8F/D5cwQ0c8V7bpHbNA4=
github.com/coreos/goproxy v0.0.0-20170222233530-25fe2597a3d1/go.mod h1:P9/RgQivLjHe7WUGOIbjfdis83SPgi6T9uCHcZKD4vw=
github.com/coreos/pkg v0.0.0-20160314094717-1914e367e85e h1:tLoWlLW8vKfnDIIgN16Ir5i+gt8TVGNz1BIulegQsLA=
github.com/coreos/pkg v0.0.0-20160314094717-1914e367e85e/go.mod h1:E3G3o1h8I7cfcXa63jLwjI0eiQQMgzzUDFVpN/nH/eA=
github.com/davecgh/go-spew v0.0.0-20151105211317-5215b55f46b2 h1:5zdDAMuB3gvbHB1m2BZT9+t9w+xaBmK3ehb7skDXcwM=
github.com/davecgh/go-spew v0.0.0-20151105211317-5215b55f46b2/go.mod h1:J7Y8YcW2NihsgmVo/mv3lAwl/skON4iLHjSsI+c5H38=
github.com/gregjones/httpcache v0.0.0-20160313132734-4b02602f71f4 h1:tyGF0+JYF0fgy6ZjVUlRj6WJClc7HhGMEYRUSBsyQDQ=
github.com/gregjones/httpcache v0.0.0-20160313132734-4b02602f71f4/go.mod h1:FecbI9+v66THATjSRHfNgh1IVFe/9kFxbXtjV0ctIMA=
github.com/jonboulle/clockwork v0.0.0-20151121001658-ed104f61ea48 h1:zOrm/46W/aI9qWRc9S7eoHpMB30SFPLtqqBCbnNTiiU=
github.com/jonboulle/clockwork v0.0.0-20151121001658-ed104f61ea48/go.mod h1:Ii8DK3G1RaLaWxj9trq07+26W01tbo22gdxWY5EU2bo=
github.com/patrickmn/go-cache v2.1.0+incompatible h1:HRMgzkcYKYpi3C8ajMPV8OFXaaRUnok+kx1WdO15EQc=
github.com/patrickmn/go-cache v2.1.0+incompatible/go.mod h1:3Qf8kWWT7OJRJbdiICTKqZju1ZixQ/KpMGzzAfe6+WQ=
github.com/pmezard/go-difflib v1.0.0 h1:4DBwDE0NGyQoBHbLQYPwSUPoCMWR5BEzIk/f1lZbAQM=
github.com/pmezard/go-difflib v1.0.0/go.mod h1:iKH77koFhYxTK1pcRnkKkqfTogsbg7gZNVY4sRDYZ/4=
github.com/quay/jwtproxy v0.0.4 h1:M7YZxrqLaY0MA20AkWqH+1HGFjxQPLmNrC8TjrkfbwQ=
github.com/quay/jwtproxy v0.0.4/go.mod h1:Q0Zg96r0uvf49Ny3uRJ0Y09CCdtXU54LBntn6NZLShg=
github.com/sirupsen/logrus v0.11.5 h1:X30KsLZ9eg2X2fViSIWKcjKTdyYnmFZHlfxEdvW34Gc=
github.com/sirupsen/logrus v0.11.5/go.mod h1:pMByvHTf9Beacp5x1UXfOR9xyW/9antXMhjMPG0dEzc=
github.com/stretchr/testify v1.1.4-0.20160418225827-c5d7a69bf8a2 h1:gkVizhFKAI/CiasTQFtsR9vApnDj/q2V2h5s9uw+gSk=
github.com/stretchr/testify v1.1.4-0.20160418225827-c5d7a69bf8a2/go.mod h1:a8OnRcib4nhh0OaRAV+Yts87kKdq0PP7pXfy6kDkUVs=
github.com/tylerb/graceful v1.2.15 h1:B0x01Y8fsJpogzZTkDg6BDi6eMf03s01lEKGdrv83oA=
github.com/tylerb/graceful v1.2.15/go.mod h1:LPYTbOYmUTdabwRt0TGhLllQ0MUNbs0Y5q1WXJOI9II=
golang.org/x/net v0.0.0-20160403195514-024ed629fd29/go.mod h1:mL1N/T3taQHkDXs73rZJwtUhF3w3ftmwwsq0BUmARs4=
golang.org/x/sys v0.0.0-20160402023915-a60af9cbbc6a h1:9FQGJpE2vJ8LyqeRH0fYJQ40ooWmR7lGPalEE9opLZw=
golang.org/x/sys v0.0.0-20160402023915-a60af9cbbc6a/go.mod h1:STP8DvDyc/dI5b8T5hshtkjS+E42TnysNCUPdjciGhY=
gopkg.in/square/go-jose.v2 v2.0.0-20160419061419-77e6c51d4de6 h1:RyAf/XLLLyl4slUANLPdRW5IUcoZVKcHL0F6jiAP9Ps=
gopkg.in/square/go-jose.v2 v2.0.0-20160419061419-77e6c51d4de6/go.mod h1:M9dMgbHiYLoDGQrXy7OpJDJWiKiU//h+vD76mk0e1AI=
gopkg.in/yaml.v2 v2.0.0-20160301204022-a83829b6f129 h1:RBgb9aPUbZ9nu66ecQNIBNsA7j3mB5h8PNDIfhPjaJg=
gopkg.in/yaml.v2 v2.0.0-20160301204022-a83829b6f129/go.mod h1:JAlM8MvJe8wmxCU4Bli9HhUf9+ttbYbLASfIpnQbh74=
